// !$*UTF8*$!
{
	archiveVersion = 1;
	classes = {
	};
	objectVersion = 56;
	objects = {

/* Begin PBXBuildFile section */
		3249F1622B75116600FBD1C5 /* ColorCyclingRectangleChallenge.swift in Sources */ = {isa = PBXBuildFile; fileRef = 3249F1612B75116500FBD1C5 /* ColorCyclingRectangleChallenge.swift */; };
		3286CAB22B73DE04008196DF /* SpirographEx.swift in Sources */ = {isa = PBXBuildFile; fileRef = 3286CAB12B73DE04008196DF /* SpirographEx.swift */; };
		3286CAB42B73FB70008196DF /* Challenge.swift in Sources */ = {isa = PBXBuildFile; fileRef = 3286CAB32B73FB70008196DF /* Challenge.swift */; };
		3290257A2B61743900BD92B4 /* SwitfUI_08_DrawingApp.swift in Sources */ = {isa = PBXBuildFile; fileRef = 329025792B61743900BD92B4 /* SwitfUI_08_DrawingApp.swift */; };
		3290257C2B61743900BD92B4 /* ContentView.swift in Sources */ = {isa = PBXBuildFile; fileRef = 3290257B2B61743900BD92B4 /* ContentView.swift */; };
		3290257E2B61743C00BD92B4 /* Assets.xcassets in Resources */ = {isa = PBXBuildFile; fileRef = 3290257D2B61743C00BD92B4 /* Assets.xcassets */; };
		329025812B61743C00BD92B4 /* Preview Assets.xcassets in Resources */ = {isa = PBXBuildFile; fileRef = 329025802B61743C00BD92B4 /* Preview Assets.xcassets */; };
		329025882B6174A800BD92B4 /* CustomPathEx.swift in Sources */ = {isa = PBXBuildFile; fileRef = 329025872B6174A800BD92B4 /* CustomPathEx.swift */; };
		3290258A2B61AA2300BD92B4 /* ShapesAndPaths.swift in Sources */ = {isa = PBXBuildFile; fileRef = 329025892B61AA2300BD92B4 /* ShapesAndPaths.swift */; };
		32A023652B718EBD004D155D /* AnimatableDataEx.swift in Sources */ = {isa = PBXBuildFile; fileRef = 32A023642B718EBD004D155D /* AnimatableDataEx.swift */; };
		32B023762B62AF7D00BAFAA2 /* StrokeBorderEx.swift in Sources */ = {isa = PBXBuildFile; fileRef = 32B023752B62AF7D00BAFAA2 /* StrokeBorderEx.swift */; };
		32B023782B62C0FF00BAFAA2 /* TransformShapes.swift in Sources */ = {isa = PBXBuildFile; fileRef = 32B023772B62C0FF00BAFAA2 /* TransformShapes.swift */; };
		32B0237A2B62D78600BAFAA2 /* BordersEx.swift in Sources */ = {isa = PBXBuildFile; fileRef = 32B023792B62D78600BAFAA2 /* BordersEx.swift */; };
		32BE72EE2B73C12600DF71F9 /* AnimatablePairEx.swift in Sources */ = {isa = PBXBuildFile; fileRef = 32BE72ED2B73C12600DF71F9 /* AnimatablePairEx.swift */; };
		32EBA2122B63FAE200E696DC /* DrawingGroupEx.swift in Sources */ = {isa = PBXBuildFile; fileRef = 32EBA2112B63FAE200E696DC /* DrawingGroupEx.swift */; };
		32EBA2142B6419BF00E696DC /* SpecialEffectsEx.swift in Sources */ = {isa = PBXBuildFile; fileRef = 32EBA2132B6419BF00E696DC /* SpecialEffectsEx.swift */; };
/* End PBXBuildFile section */

/* Begin PBXFileReference section */
		3249F1612B75116500FBD1C5 /* ColorCyclingRectangleChallenge.swift */ = {isa = PBXFileReference; lastKnownFileType = sourcecode.swift; path = ColorCyclingRectangleChallenge.swift; sourceTree = "<group>"; };
		3286CAB12B73DE04008196DF /* SpirographEx.swift */ = {isa = PBXFileReference; lastKnownFileType = sourcecode.swift; path = SpirographEx.swift; sourceTree = "<group>"; };
		3286CAB32B73FB70008196DF /* Challenge.swift */ = {isa = PBXFileReference; lastKnownFileType = sourcecode.swift; path = Challenge.swift; sourceTree = "<group>"; };
		329025762B61743900BD92B4 /* SwitfUI-08-Drawing.app */ = {isa = PBXFileReference; explicitFileType = wrapper.application; includeInIndex = 0; path = "SwitfUI-08-Drawing.app"; sourceTree = BUILT_PRODUCTS_DIR; };
		329025792B61743900BD92B4 /* SwitfUI_08_DrawingApp.swift */ = {isa = PBXFileReference; lastKnownFileType = sourcecode.swift; path = SwitfUI_08_DrawingApp.swift; sourceTree = "<group>"; };
		3290257B2B61743900BD92B4 /* ContentView.swift */ = {isa = PBXFileReference; lastKnownFileType = sourcecode.swift; path = ContentView.swift; sourceTree = "<group>"; };
		3290257D2B61743C00BD92B4 /* Assets.xcassets */ = {isa = PBXFileReference; lastKnownFileType = folder.assetcatalog; path = Assets.xcassets; sourceTree = "<group>"; };
		329025802B61743C00BD92B4 /* Preview Assets.xcassets */ = {isa = PBXFileReference; lastKnownFileType = folder.assetcatalog; path = "Preview Assets.xcassets"; sourceTree = "<group>"; };
		329025872B6174A800BD92B4 /* CustomPathEx.swift */ = {isa = PBXFileReference; lastKnownFileType = sourcecode.swift; path = CustomPathEx.swift; sourceTree = "<group>"; };
		329025892B61AA2300BD92B4 /* ShapesAndPaths.swift */ = {isa = PBXFileReference; lastKnownFileType = sourcecode.swift; path = ShapesAndPaths.swift; sourceTree = "<group>"; };
		32A023642B718EBD004D155D /* AnimatableDataEx.swift */ = {isa = PBXFileReference; lastKnownFileType = sourcecode.swift; path = AnimatableDataEx.swift; sourceTree = "<group>"; };
		32B023752B62AF7D00BAFAA2 /* StrokeBorderEx.swift */ = {isa = PBXFileReference; lastKnownFileType = sourcecode.swift; path = StrokeBorderEx.swift; sourceTree = "<group>"; };
		32B023772B62C0FF00BAFAA2 /* TransformShapes.swift */ = {isa = PBXFileReference; lastKnownFileType = sourcecode.swift; path = TransformShapes.swift; sourceTree = "<group>"; };
		32B023792B62D78600BAFAA2 /* BordersEx.swift */ = {isa = PBXFileReference; lastKnownFileType = sourcecode.swift; path = BordersEx.swift; sourceTree = "<group>"; };
		32BE72ED2B73C12600DF71F9 /* AnimatablePairEx.swift */ = {isa = PBXFileReference; lastKnownFileType = sourcecode.swift; path = AnimatablePairEx.swift; sourceTree = "<group>"; };
		32EBA2112B63FAE200E696DC /* DrawingGroupEx.swift */ = {isa = PBXFileReference; lastKnownFileType = sourcecode.swift; path = DrawingGroupEx.swift; sourceTree = "<group>"; };
		32EBA2132B6419BF00E696DC /* SpecialEffectsEx.swift */ = {isa = PBXFileReference; lastKnownFileType = sourcecode.swift; path = SpecialEffectsEx.swift; sourceTree = "<group>"; };
/* End PBXFileReference section */

/* Begin PBXFrameworksBuildPhase section */
		329025732B61743900BD92B4 /* Frameworks */ = {
			isa = PBXFrameworksBuildPhase;
			buildActionMask = 2147483647;
			files = (
			);
			runOnlyForDeploymentPostprocessing = 0;
		};
/* End PBXFrameworksBuildPhase section */

/* Begin PBXGroup section */
		3290256D2B61743900BD92B4 = {
			isa = PBXGroup;
			children = (
				329025782B61743900BD92B4 /* SwitfUI-08-Drawing */,
				329025772B61743900BD92B4 /* Products */,
			);
			sourceTree = "<group>";
		};
		329025772B61743900BD92B4 /* Products */ = {
			isa = PBXGroup;
			children = (
				329025762B61743900BD92B4 /* SwitfUI-08-Drawing.app */,
			);
			name = Products;
			sourceTree = "<group>";
		};
		329025782B61743900BD92B4 /* SwitfUI-08-Drawing */ = {
			isa = PBXGroup;
			children = (
				329025792B61743900BD92B4 /* SwitfUI_08_DrawingApp.swift */,
				3290257B2B61743900BD92B4 /* ContentView.swift */,
				3290257F2B61743C00BD92B4 /* Preview Content */,
				3290257D2B61743C00BD92B4 /* Assets.xcassets */,
				329025872B6174A800BD92B4 /* CustomPathEx.swift */,
				329025892B61AA2300BD92B4 /* ShapesAndPaths.swift */,
				32B023752B62AF7D00BAFAA2 /* StrokeBorderEx.swift */,
				32B023772B62C0FF00BAFAA2 /* TransformShapes.swift */,
				32B023792B62D78600BAFAA2 /* BordersEx.swift */,
				32EBA2112B63FAE200E696DC /* DrawingGroupEx.swift */,
				32EBA2132B6419BF00E696DC /* SpecialEffectsEx.swift */,
				32A023642B718EBD004D155D /* AnimatableDataEx.swift */,
				32BE72ED2B73C12600DF71F9 /* AnimatablePairEx.swift */,
				3286CAB12B73DE04008196DF /* SpirographEx.swift */,
				3286CAB32B73FB70008196DF /* Challenge.swift */,
				3249F1612B75116500FBD1C5 /* ColorCyclingRectangleChallenge.swift */,
			);
			path = "SwitfUI-08-Drawing";
			sourceTree = "<group>";
		};
		3290257F2B61743C00BD92B4 /* Preview Content */ = {
			isa = PBXGroup;
			children = (
				329025802B61743C00BD92B4 /* Preview Assets.xcassets */,
			);
			path = "Preview Content";
			sourceTree = "<group>";
		};
/* End PBXGroup section */

/* Begin PBXNativeTarget section */
		329025752B61743900BD92B4 /* SwitfUI-08-Drawing */ = {
			isa = PBXNativeTarget;
			buildConfigurationList = 329025842B61743C00BD92B4 /* Build configuration list for PBXNativeTarget "SwitfUI-08-Drawing" */;
			buildPhases = (
				329025722B61743900BD92B4 /* Sources */,
				329025732B61743900BD92B4 /* Frameworks */,
				329025742B61743900BD92B4 /* Resources */,
			);
			buildRules = (
			);
			dependencies = (
			);
			name = "SwitfUI-08-Drawing";
			productName = "SwitfUI-08-Drawing";
			productReference = 329025762B61743900BD92B4 /* SwitfUI-08-Drawing.app */;
			productType = "com.apple.product-type.application";
		};
/* End PBXNativeTarget section */

/* Begin PBXProject section */
		3290256E2B61743900BD92B4 /* Project object */ = {
			isa = PBXProject;
			attributes = {
				BuildIndependentTargetsInParallel = 1;
				LastSwiftUpdateCheck = 1500;
				LastUpgradeCheck = 1500;
				TargetAttributes = {
					329025752B61743900BD92B4 = {
						CreatedOnToolsVersion = 15.0.1;
					};
				};
			};
			buildConfigurationList = 329025712B61743900BD92B4 /* Build configuration list for PBXProject "SwitfUI-08-Drawing" */;
			compatibilityVersion = "Xcode 14.0";
			developmentRegion = en;
			hasScannedForEncodings = 0;
			knownRegions = (
				en,
				Base,
			);
			mainGroup = 3290256D2B61743900BD92B4;
			productRefGroup = 329025772B61743900BD92B4 /* Products */;
			projectDirPath = "";
			projectRoot = "";
			targets = (
				329025752B61743900BD92B4 /* SwitfUI-08-Drawing */,
			);
		};
/* End PBXProject section */

/* Begin PBXResourcesBuildPhase section */
		329025742B61743900BD92B4 /* Resources */ = {
			isa = PBXResourcesBuildPhase;
			buildActionMask = 2147483647;
			files = (
				329025812B61743C00BD92B4 /* Preview Assets.xcassets in Resources */,
				3290257E2B61743C00BD92B4 /* Assets.xcassets in Resources */,
			);
			runOnlyForDeploymentPostprocessing = 0;
		};
/* End PBXResourcesBuildPhase section */

/* Begin PBXSourcesBuildPhase section */
		329025722B61743900BD92B4 /* Sources */ = {
			isa = PBXSourcesBuildPhase;
			buildActionMask = 2147483647;
			files = (
				32B023782B62C0FF00BAFAA2 /* TransformShapes.swift in Sources */,
				3286CAB42B73FB70008196DF /* Challenge.swift in Sources */,
				3290257C2B61743900BD92B4 /* ContentView.swift in Sources */,
				3286CAB22B73DE04008196DF /* SpirographEx.swift in Sources */,
				32EBA2142B6419BF00E696DC /* SpecialEffectsEx.swift in Sources */,
				32B023762B62AF7D00BAFAA2 /* StrokeBorderEx.swift in Sources */,
				329025882B6174A800BD92B4 /* CustomPathEx.swift in Sources */,
				3290258A2B61AA2300BD92B4 /* ShapesAndPaths.swift in Sources */,
				32EBA2122B63FAE200E696DC /* DrawingGroupEx.swift in Sources */,
				3290257A2B61743900BD92B4 /* SwitfUI_08_DrawingApp.swift in Sources */,
				32B0237A2B62D78600BAFAA2 /* BordersEx.swift in Sources */,
				3249F1622B75116600FBD1C5 /* ColorCyclingRectangleChallenge.swift in Sources */,
				32BE72EE2B73C12600DF71F9 /* AnimatablePairEx.swift in Sources */,
				32A023652B718EBD004D155D /* AnimatableDataEx.swift in Sources */,
			);
			runOnlyForDeploymentPostprocessing = 0;
		};
/* End PBXSourcesBuildPhase section */

/* Begin XCBuildConfiguration section */
		329025822B61743C00BD92B4 /* Debug */ = {
			isa = XCBuildConfiguration;
			buildSettings = {
				ALWAYS_SEARCH_USER_PATHS = NO;
				ASSETCATALOG_COMPILER_GENERATE_SWIFT_ASSET_SYMBOL_EXTENSIONS = YES;
				CLANG_ANALYZER_NONNULL = YES;
				CLANG_ANALYZER_NUMBER_OBJECT_CONVERSION = YES_AGGRESSIVE;
				CLANG_CXX_LANGUAGE_STANDARD = "gnu++20";
				CLANG_ENABLE_MODULES = YES;
				CLANG_ENABLE_OBJC_ARC = YES;
				CLANG_ENABLE_OBJC_WEAK = YES;
				CLANG_WARN_BLOCK_CAPTURE_AUTORELEASING = YES;
				CLANG_WARN_BOOL_CONVERSION = YES;
				CLANG_WARN_COMMA = YES;
				CLANG_WARN_CONSTANT_CONVERSION = YES;
				CLANG_WARN_DEPRECATED_OBJC_IMPLEMENTATIONS = YES;
				CLANG_WARN_DIRECT_OBJC_ISA_USAGE = YES_ERROR;
				CLANG_WARN_DOCUMENTATION_COMMENTS = YES;
				CLANG_WARN_EMPTY_BODY = YES;
				CLANG_WARN_ENUM_CONVERSION = YES;
				CLANG_WARN_INFINITE_RECURSION = YES;
				CLANG_WARN_INT_CONVERSION = YES;
				CLANG_WARN_NON_LITERAL_NULL_CONVERSION = YES;
				CLANG_WARN_OBJC_IMPLICIT_RETAIN_SELF = YES;
				CLANG_WARN_OBJC_LITERAL_CONVERSION = YES;
				CLANG_WARN_OBJC_ROOT_CLASS = YES_ERROR;
				CLANG_WARN_QUOTED_INCLUDE_IN_FRAMEWORK_HEADER = YES;
				CLANG_WARN_RANGE_LOOP_ANALYSIS = YES;
				CLANG_WARN_STRICT_PROTOTYPES = YES;
				CLANG_WARN_SUSPICIOUS_MOVE = YES;
				CLANG_WARN_UNGUARDED_AVAILABILITY = YES_AGGRESSIVE;
				CLANG_WARN_UNREACHABLE_CODE = YES;
				CLANG_WARN__DUPLICATE_METHOD_MATCH = YES;
				COPY_PHASE_STRIP = NO;
				DEBUG_INFORMATION_FORMAT = dwarf;
				ENABLE_STRICT_OBJC_MSGSEND = YES;
				ENABLE_TESTABILITY = YES;
				ENABLE_USER_SCRIPT_SANDBOXING = YES;
				GCC_C_LANGUAGE_STANDARD = gnu17;
				GCC_DYNAMIC_NO_PIC = NO;
				GCC_NO_COMMON_BLOCKS = YES;
				GCC_OPTIMIZATION_LEVEL = 0;
				GCC_PREPROCESSOR_DEFINITIONS = (
					"DEBUG=1",
					"$(inherited)",
				);
				GCC_WARN_64_TO_32_BIT_CONVERSION = YES;
				GCC_WARN_ABOUT_RETURN_TYPE = YES_ERROR;
				GCC_WARN_UNDECLARED_SELECTOR = YES;
				GCC_WARN_UNINITIALIZED_AUTOS = YES_AGGRESSIVE;
				GCC_WARN_UNUSED_FUNCTION = YES;
				GCC_WARN_UNUSED_VARIABLE = YES;
				IPHONEOS_DEPLOYMENT_TARGET = 17.0;
				LOCALIZATION_PREFERS_STRING_CATALOGS = YES;
				MTL_ENABLE_DEBUG_INFO = INCLUDE_SOURCE;
				MTL_FAST_MATH = YES;
				ONLY_ACTIVE_ARCH = YES;
				SDKROOT = iphoneos;
				SWIFT_ACTIVE_COMPILATION_CONDITIONS = "DEBUG $(inherited)";
				SWIFT_OPTIMIZATION_LEVEL = "-Onone";
			};
			name = Debug;
		};
		329025832B61743C00BD92B4 /* Release */ = {
			isa = XCBuildConfiguration;
			buildSettings = {
				ALWAYS_SEARCH_USER_PATHS = NO;
				ASSETCATALOG_COMPILER_GENERATE_SWIFT_ASSET_SYMBOL_EXTENSIONS = YES;
				CLANG_ANALYZER_NONNULL = YES;
				CLANG_ANALYZER_NUMBER_OBJECT_CONVERSION = YES_AGGRESSIVE;
				CLANG_CXX_LANGUAGE_STANDARD = "gnu++20";
				CLANG_ENABLE_MODULES = YES;
				CLANG_ENABLE_OBJC_ARC = YES;
				CLANG_ENABLE_OBJC_WEAK = YES;
				CLANG_WARN_BLOCK_CAPTURE_AUTORELEASING = YES;
				CLANG_WARN_BOOL_CONVERSION = YES;
				CLANG_WARN_COMMA = YES;
				CLANG_WARN_CONSTANT_CONVERSION = YES;
				CLANG_WARN_DEPRECATED_OBJC_IMPLEMENTATIONS = YES;
				CLANG_WARN_DIRECT_OBJC_ISA_USAGE = YES_ERROR;
				CLANG_WARN_DOCUMENTATION_COMMENTS = YES;
				CLANG_WARN_EMPTY_BODY = YES;
				CLANG_WARN_ENUM_CONVERSION = YES;
				CLANG_WARN_INFINITE_RECURSION = YES;
				CLANG_WARN_INT_CONVERSION = YES;
				CLANG_WARN_NON_LITERAL_NULL_CONVERSION = YES;
				CLANG_WARN_OBJC_IMPLICIT_RETAIN_SELF = YES;
				CLANG_WARN_OBJC_LITERAL_CONVERSION = YES;
				CLANG_WARN_OBJC_ROOT_CLASS = YES_ERROR;
				CLANG_WARN_QUOTED_INCLUDE_IN_FRAMEWORK_HEADER = YES;
				CLANG_WARN_RANGE_LOOP_ANALYSIS = YES;
				CLANG_WARN_STRICT_PROTOTYPES = YES;
				CLANG_WARN_SUSPICIOUS_MOVE = YES;
				CLANG_WARN_UNGUARDED_AVAILABILITY = YES_AGGRESSIVE;
				CLANG_WARN_UNREACHABLE_CODE = YES;
				CLANG_WARN__DUPLICATE_METHOD_MATCH = YES;
				COPY_PHASE_STRIP = NO;
				DEBUG_INFORMATION_FORMAT = "dwarf-with-dsym";
				ENABLE_NS_ASSERTIONS = NO;
				ENABLE_STRICT_OBJC_MSGSEND = YES;
				ENABLE_USER_SCRIPT_SANDBOXING = YES;
				GCC_C_LANGUAGE_STANDARD = gnu17;
				GCC_NO_COMMON_BLOCKS = YES;
				GCC_WARN_64_TO_32_BIT_CONVERSION = YES;
				GCC_WARN_ABOUT_RETURN_TYPE = YES_ERROR;
				GCC_WARN_UNDECLARED_SELECTOR = YES;
				GCC_WARN_UNINITIALIZED_AUTOS = YES_AGGRESSIVE;
				GCC_WARN_UNUSED_FUNCTION = YES;
				GCC_WARN_UNUSED_VARIABLE = YES;
				IPHONEOS_DEPLOYMENT_TARGET = 17.0;
				LOCALIZATION_PREFERS_STRING_CATALOGS = YES;
				MTL_ENABLE_DEBUG_INFO = NO;
				MTL_FAST_MATH = YES;
				SDKROOT = iphoneos;
				SWIFT_COMPILATION_MODE = wholemodule;
				VALIDATE_PRODUCT = YES;
			};
			name = Release;
		};
		329025852B61743C00BD92B4 /* Debug */ = {
			isa = XCBuildConfiguration;
			buildSettings = {
				ASSETCATALOG_COMPILER_APPICON_NAME = AppIcon;
				ASSETCATALOG_COMPILER_GLOBAL_ACCENT_COLOR_NAME = AccentColor;
				CODE_SIGN_STYLE = Automatic;
				CURRENT_PROJECT_VERSION = 1;
				DEVELOPMENT_ASSET_PATHS = "\"SwitfUI-08-Drawing/Preview Content\"";
				ENABLE_PREVIEWS = YES;
				GENERATE_INFOPLIST_FILE = YES;
				INFOPLIST_KEY_UIApplicationSceneManifest_Generation = YES;
				INFOPLIST_KEY_UIApplicationSupportsIndirectInputEvents = YES;
				INFOPLIST_KEY_UILaunchScreen_Generation = YES;
				INFOPLIST_KEY_UISupportedInterfaceOrientations_iPad = "UIInterfaceOrientationPortrait UIInterfaceOrientationPortraitUpsideDown UIInterfaceOrientationLandscapeLeft UIInterfaceOrientationLandscapeRight";
				INFOPLIST_KEY_UISupportedInterfaceOrientations_iPhone = "UIInterfaceOrientationPortrait UIInterfaceOrientationLandscapeLeft UIInterfaceOrientationLandscapeRight";
				LD_RUNPATH_SEARCH_PATHS = (
					"$(inherited)",
					"@executable_path/Frameworks",
				);
				MARKETING_VERSION = 1.0;
				PRODUCT_BUNDLE_IDENTIFIER = "me.cruz.esteban.SwitfUI-08-Drawing";
				PRODUCT_NAME = "$(TARGET_NAME)";
				SWIFT_EMIT_LOC_STRINGS = YES;
				SWIFT_VERSION = 5.0;
				TARGETED_DEVICE_FAMILY = "1,2";
			};
			name = Debug;
		};
		329025862B61743C00BD92B4 /* Release */ = {
			isa = XCBuildConfiguration;
			buildSettings = {
				ASSETCATALOG_COMPILER_APPICON_NAME = AppIcon;
				ASSETCATALOG_COMPILER_GLOBAL_ACCENT_COLOR_NAME = AccentColor;
				CODE_SIGN_STYLE = Automatic;
				CURRENT_PROJECT_VERSION = 1;
				DEVELOPMENT_ASSET_PATHS = "\"SwitfUI-08-Drawing/Preview Content\"";
				ENABLE_PREVIEWS = YES;
				GENERATE_INFOPLIST_FILE = YES;
				INFOPLIST_KEY_UIApplicationSceneManifest_Generation = YES;
				INFOPLIST_KEY_UIApplicationSupportsIndirectInputEvents = YES;
				INFOPLIST_KEY_UILaunchScreen_Generation = YES;
				INFOPLIST_KEY_UISupportedInterfaceOrientations_iPad = "UIInterfaceOrientationPortrait UIInterfaceOrientationPortraitUpsideDown UIInterfaceOrientationLandscapeLeft UIInterfaceOrientationLandscapeRight";
				INFOPLIST_KEY_UISupportedInterfaceOrientations_iPhone = "UIInterfaceOrientationPortrait UIInterfaceOrientationLandscapeLeft UIInterfaceOrientationLandscapeRight";
				LD_RUNPATH_SEARCH_PATHS = (
					"$(inherited)",
					"@executable_path/Frameworks",
				);
				MARKETING_VERSION = 1.0;
				PRODUCT_BUNDLE_IDENTIFIER = "me.cruz.esteban.SwitfUI-08-Drawing";
				PRODUCT_NAME = "$(TARGET_NAME)";
				SWIFT_EMIT_LOC_STRINGS = YES;
				SWIFT_VERSION = 5.0;
				TARGETED_DEVICE_FAMILY = "1,2";
			};
			name = Release;
		};
/* End XCBuildConfiguration section */

/* Begin XCConfigurationList section */
		329025712B61743900BD92B4 /* Build configuration list for PBXProject "SwitfUI-08-Drawing" */ = {
			isa = XCConfigurationList;
			buildConfigurations = (
				329025822B61743C00BD92B4 /* Debug */,
				329025832B61743C00BD92B4 /* Release */,
			);
			defaultConfigurationIsVisible = 0;
			defaultConfigurationName = Release;
		};
		329025842B61743C00BD92B4 /* Build configuration list for PBXNativeTarget "SwitfUI-08-Drawing" */ = {
			isa = XCConfigurationList;
			buildConfigurations = (
				329025852B61743C00BD92B4 /* Debug */,
				329025862B61743C00BD92B4 /* Release */,
			);
			defaultConfigurationIsVisible = 0;
			defaultConfigurationName = Release;
		};
/* End XCConfigurationList section */
	};
	rootObject = 3290256E2B61743900BD92B4 /* Project object */;
}
