// !$*UTF8*$!
{
	archiveVersion = 1;
	classes = {
	};
	objectVersion = 56;
	objects = {

/* Begin PBXBuildFile section */
		9B6019D32CBEBCE0001608E8 /* 06-AddUserLocations.swift in Sources */ = {isa = PBXBuildFile; fileRef = 9B6019D22CBEBCE0001608E8 /* 06-AddUserLocations.swift */; };
		9B6019D52CBEC3BD001608E8 /* Location.swift in Sources */ = {isa = PBXBuildFile; fileRef = 9B6019D42CBEC3BD001608E8 /* Location.swift */; };
		9B6019D72CBECC84001608E8 /* 07-ImproveAnnotations.swift in Sources */ = {isa = PBXBuildFile; fileRef = 9B6019D62CBECC84001608E8 /* 07-ImproveAnnotations.swift */; };
		9B6019DB2CBEDFEE001608E8 /* EditView.swift in Sources */ = {isa = PBXBuildFile; fileRef = 9B6019DA2CBEDFEE001608E8 /* EditView.swift */; };
		9B9482572CB9B0AC00F4F11A /* 03-SwitchViews.swift in Sources */ = {isa = PBXBuildFile; fileRef = 9B9482562CB9B0AC00F4F11A /* 03-SwitchViews.swift */; };
		9B9482592CB9B40F00F4F11A /* 04-MapKitExample.swift in Sources */ = {isa = PBXBuildFile; fileRef = 9B9482582CB9B40F00F4F11A /* 04-MapKitExample.swift */; };
		9B94825B2CB9C84100F4F11A /* 05-TouchIdExample.swift in Sources */ = {isa = PBXBuildFile; fileRef = 9B94825A2CB9C84100F4F11A /* 05-TouchIdExample.swift */; };
		BC658FF92CB6259300FC246A /* SwiftUI_13_BucketListApp.swift in Sources */ = {isa = PBXBuildFile; fileRef = BC658FF82CB6259300FC246A /* SwiftUI_13_BucketListApp.swift */; };
		BC658FFB2CB6259300FC246A /* ContentView.swift in Sources */ = {isa = PBXBuildFile; fileRef = BC658FFA2CB6259300FC246A /* ContentView.swift */; };
		BC658FFD2CB6259300FC246A /* Assets.xcassets in Resources */ = {isa = PBXBuildFile; fileRef = BC658FFC2CB6259300FC246A /* Assets.xcassets */; };
		BC6590002CB6259300FC246A /* Preview Assets.xcassets in Resources */ = {isa = PBXBuildFile; fileRef = BC658FFF2CB6259300FC246A /* Preview Assets.xcassets */; };
		BC6590072CB625B700FC246A /* 01-CompareCustomTypes.swift in Sources */ = {isa = PBXBuildFile; fileRef = BC6590062CB625B700FC246A /* 01-CompareCustomTypes.swift */; };
		BC6590092CB62D3A00FC246A /* 02-WriteData.swift in Sources */ = {isa = PBXBuildFile; fileRef = BC6590082CB62D3A00FC246A /* 02-WriteData.swift */; };
/* End PBXBuildFile section */

/* Begin PBXFileReference section */
		9B6019D22CBEBCE0001608E8 /* 06-AddUserLocations.swift */ = {isa = PBXFileReference; lastKnownFileType = sourcecode.swift; path = "06-AddUserLocations.swift"; sourceTree = "<group>"; };
		9B6019D42CBEC3BD001608E8 /* Location.swift */ = {isa = PBXFileReference; lastKnownFileType = sourcecode.swift; path = Location.swift; sourceTree = "<group>"; };
		9B6019D62CBECC84001608E8 /* 07-ImproveAnnotations.swift */ = {isa = PBXFileReference; lastKnownFileType = sourcecode.swift; path = "07-ImproveAnnotations.swift"; sourceTree = "<group>"; };
		9B6019DA2CBEDFEE001608E8 /* EditView.swift */ = {isa = PBXFileReference; lastKnownFileType = sourcecode.swift; path = EditView.swift; sourceTree = "<group>"; };
		9B9482562CB9B0AC00F4F11A /* 03-SwitchViews.swift */ = {isa = PBXFileReference; lastKnownFileType = sourcecode.swift; path = "03-SwitchViews.swift"; sourceTree = "<group>"; };
		9B9482582CB9B40F00F4F11A /* 04-MapKitExample.swift */ = {isa = PBXFileReference; lastKnownFileType = sourcecode.swift; path = "04-MapKitExample.swift"; sourceTree = "<group>"; };
		9B94825A2CB9C84100F4F11A /* 05-TouchIdExample.swift */ = {isa = PBXFileReference; lastKnownFileType = sourcecode.swift; path = "05-TouchIdExample.swift"; sourceTree = "<group>"; };
		BC658FF52CB6259300FC246A /* SwiftUI-13-BucketList.app */ = {isa = PBXFileReference; explicitFileType = wrapper.application; includeInIndex = 0; path = "SwiftUI-13-BucketList.app"; sourceTree = BUILT_PRODUCTS_DIR; };
		BC658FF82CB6259300FC246A /* SwiftUI_13_BucketListApp.swift */ = {isa = PBXFileReference; lastKnownFileType = sourcecode.swift; path = SwiftUI_13_BucketListApp.swift; sourceTree = "<group>"; };
		BC658FFA2CB6259300FC246A /* ContentView.swift */ = {isa = PBXFileReference; lastKnownFileType = sourcecode.swift; path = ContentView.swift; sourceTree = "<group>"; };
		BC658FFC2CB6259300FC246A /* Assets.xcassets */ = {isa = PBXFileReference; lastKnownFileType = folder.assetcatalog; path = Assets.xcassets; sourceTree = "<group>"; };
		BC658FFF2CB6259300FC246A /* Preview Assets.xcassets */ = {isa = PBXFileReference; lastKnownFileType = folder.assetcatalog; path = "Preview Assets.xcassets"; sourceTree = "<group>"; };
		BC6590062CB625B700FC246A /* 01-CompareCustomTypes.swift */ = {isa = PBXFileReference; lastKnownFileType = sourcecode.swift; path = "01-CompareCustomTypes.swift"; sourceTree = "<group>"; };
		BC6590082CB62D3A00FC246A /* 02-WriteData.swift */ = {isa = PBXFileReference; lastKnownFileType = sourcecode.swift; path = "02-WriteData.swift"; sourceTree = "<group>"; };
/* End PBXFileReference section */

/* Begin PBXFrameworksBuildPhase section */
		BC658FF22CB6259300FC246A /* Frameworks */ = {
			isa = PBXFrameworksBuildPhase;
			buildActionMask = 2147483647;
			files = (
			);
			runOnlyForDeploymentPostprocessing = 0;
		};
/* End PBXFrameworksBuildPhase section */

/* Begin PBXGroup section */
		BC658FEC2CB6259200FC246A = {
			isa = PBXGroup;
			children = (
				BC658FF72CB6259300FC246A /* SwiftUI-13-BucketList */,
				BC658FF62CB6259300FC246A /* Products */,
			);
			sourceTree = "<group>";
		};
		BC658FF62CB6259300FC246A /* Products */ = {
			isa = PBXGroup;
			children = (
				BC658FF52CB6259300FC246A /* SwiftUI-13-BucketList.app */,
			);
			name = Products;
			sourceTree = "<group>";
		};
		BC658FF72CB6259300FC246A /* SwiftUI-13-BucketList */ = {
			isa = PBXGroup;
			children = (
				BC658FF82CB6259300FC246A /* SwiftUI_13_BucketListApp.swift */,
				BC658FFA2CB6259300FC246A /* ContentView.swift */,
				BC658FFC2CB6259300FC246A /* Assets.xcassets */,
				BC658FFE2CB6259300FC246A /* Preview Content */,
				BC6590062CB625B700FC246A /* 01-CompareCustomTypes.swift */,
				BC6590082CB62D3A00FC246A /* 02-WriteData.swift */,
				9B9482562CB9B0AC00F4F11A /* 03-SwitchViews.swift */,
				9B9482582CB9B40F00F4F11A /* 04-MapKitExample.swift */,
				9B94825A2CB9C84100F4F11A /* 05-TouchIdExample.swift */,
				9B6019D22CBEBCE0001608E8 /* 06-AddUserLocations.swift */,
				9B6019D62CBECC84001608E8 /* 07-ImproveAnnotations.swift */,
				9B6019DA2CBEDFEE001608E8 /* EditView.swift */,
				9B6019D42CBEC3BD001608E8 /* Location.swift */,
			);
			path = "SwiftUI-13-BucketList";
			sourceTree = "<group>";
		};
		BC658FFE2CB6259300FC246A /* Preview Content */ = {
			isa = PBXGroup;
			children = (
				BC658FFF2CB6259300FC246A /* Preview Assets.xcassets */,
			);
			path = "Preview Content";
			sourceTree = "<group>";
		};
/* End PBXGroup section */

/* Begin PBXNativeTarget section */
		BC658FF42CB6259300FC246A /* SwiftUI-13-BucketList */ = {
			isa = PBXNativeTarget;
			buildConfigurationList = BC6590032CB6259300FC246A /* Build configuration list for PBXNativeTarget "SwiftUI-13-BucketList" */;
			buildPhases = (
				BC658FF12CB6259300FC246A /* Sources */,
				BC658FF22CB6259300FC246A /* Frameworks */,
				BC658FF32CB6259300FC246A /* Resources */,
			);
			buildRules = (
			);
			dependencies = (
			);
			name = "SwiftUI-13-BucketList";
			productName = "SwiftUI-13-BucketList";
			productReference = BC658FF52CB6259300FC246A /* SwiftUI-13-BucketList.app */;
			productType = "com.apple.product-type.application";
		};
/* End PBXNativeTarget section */

/* Begin PBXProject section */
		BC658FED2CB6259200FC246A /* Project object */ = {
			isa = PBXProject;
			attributes = {
				BuildIndependentTargetsInParallel = 1;
				LastSwiftUpdateCheck = 1540;
				LastUpgradeCheck = 1540;
				TargetAttributes = {
					BC658FF42CB6259300FC246A = {
						CreatedOnToolsVersion = 15.4;
					};
				};
			};
			buildConfigurationList = BC658FF02CB6259200FC246A /* Build configuration list for PBXProject "SwiftUI-13-BucketList" */;
			compatibilityVersion = "Xcode 14.0";
			developmentRegion = en;
			hasScannedForEncodings = 0;
			knownRegions = (
				en,
				Base,
			);
			mainGroup = BC658FEC2CB6259200FC246A;
			productRefGroup = BC658FF62CB6259300FC246A /* Products */;
			projectDirPath = "";
			projectRoot = "";
			targets = (
				BC658FF42CB6259300FC246A /* SwiftUI-13-BucketList */,
			);
		};
/* End PBXProject section */

/* Begin PBXResourcesBuildPhase section */
		BC658FF32CB6259300FC246A /* Resources */ = {
			isa = PBXResourcesBuildPhase;
			buildActionMask = 2147483647;
			files = (
				BC6590002CB6259300FC246A /* Preview Assets.xcassets in Resources */,
				BC658FFD2CB6259300FC246A /* Assets.xcassets in Resources */,
			);
			runOnlyForDeploymentPostprocessing = 0;
		};
/* End PBXResourcesBuildPhase section */

/* Begin PBXSourcesBuildPhase section */
		BC658FF12CB6259300FC246A /* Sources */ = {
			isa = PBXSourcesBuildPhase;
			buildActionMask = 2147483647;
			files = (
				9B6019D72CBECC84001608E8 /* 07-ImproveAnnotations.swift in Sources */,
				9B9482592CB9B40F00F4F11A /* 04-MapKitExample.swift in Sources */,
				9B6019DB2CBEDFEE001608E8 /* EditView.swift in Sources */,
				9B9482572CB9B0AC00F4F11A /* 03-SwitchViews.swift in Sources */,
				BC658FFB2CB6259300FC246A /* ContentView.swift in Sources */,
				9B6019D32CBEBCE0001608E8 /* 06-AddUserLocations.swift in Sources */,
				9B6019D52CBEC3BD001608E8 /* Location.swift in Sources */,
				9B94825B2CB9C84100F4F11A /* 05-TouchIdExample.swift in Sources */,
				BC6590092CB62D3A00FC246A /* 02-WriteData.swift in Sources */,
				BC6590072CB625B700FC246A /* 01-CompareCustomTypes.swift in Sources */,
				BC658FF92CB6259300FC246A /* SwiftUI_13_BucketListApp.swift in Sources */,
			);
			runOnlyForDeploymentPostprocessing = 0;
		};
/* End PBXSourcesBuildPhase section */

/* Begin XCBuildConfiguration section */
		BC6590012CB6259300FC246A /* Debug */ = {
			isa = XCBuildConfiguration;
			buildSettings = {
				ALWAYS_SEARCH_USER_PATHS = NO;
				ASSETCATALOG_COMPILER_GENERATE_SWIFT_ASSET_SYMBOL_EXTENSIONS = YES;
				CLANG_ANALYZER_NONNULL = YES;
				CLANG_ANALYZER_NUMBER_OBJECT_CONVERSION = YES_AGGRESSIVE;
				CLANG_CXX_LANGUAGE_STANDARD = "gnu++20";
				CLANG_ENABLE_MODULES = YES;
				CLANG_ENABLE_OBJC_ARC = YES;
				CLANG_ENABLE_OBJC_WEAK = YES;
				CLANG_WARN_BLOCK_CAPTURE_AUTORELEASING = YES;
				CLANG_WARN_BOOL_CONVERSION = YES;
				CLANG_WARN_COMMA = YES;
				CLANG_WARN_CONSTANT_CONVERSION = YES;
				CLANG_WARN_DEPRECATED_OBJC_IMPLEMENTATIONS = YES;
				CLANG_WARN_DIRECT_OBJC_ISA_USAGE = YES_ERROR;
				CLANG_WARN_DOCUMENTATION_COMMENTS = YES;
				CLANG_WARN_EMPTY_BODY = YES;
				CLANG_WARN_ENUM_CONVERSION = YES;
				CLANG_WARN_INFINITE_RECURSION = YES;
				CLANG_WARN_INT_CONVERSION = YES;
				CLANG_WARN_NON_LITERAL_NULL_CONVERSION = YES;
				CLANG_WARN_OBJC_IMPLICIT_RETAIN_SELF = YES;
				CLANG_WARN_OBJC_LITERAL_CONVERSION = YES;
				CLANG_WARN_OBJC_ROOT_CLASS = YES_ERROR;
				CLANG_WARN_QUOTED_INCLUDE_IN_FRAMEWORK_HEADER = YES;
				CLANG_WARN_RANGE_LOOP_ANALYSIS = YES;
				CLANG_WARN_STRICT_PROTOTYPES = YES;
				CLANG_WARN_SUSPICIOUS_MOVE = YES;
				CLANG_WARN_UNGUARDED_AVAILABILITY = YES_AGGRESSIVE;
				CLANG_WARN_UNREACHABLE_CODE = YES;
				CLANG_WARN__DUPLICATE_METHOD_MATCH = YES;
				COPY_PHASE_STRIP = NO;
				DEBUG_INFORMATION_FORMAT = dwarf;
				ENABLE_STRICT_OBJC_MSGSEND = YES;
				ENABLE_TESTABILITY = YES;
				ENABLE_USER_SCRIPT_SANDBOXING = YES;
				GCC_C_LANGUAGE_STANDARD = gnu17;
				GCC_DYNAMIC_NO_PIC = NO;
				GCC_NO_COMMON_BLOCKS = YES;
				GCC_OPTIMIZATION_LEVEL = 0;
				GCC_PREPROCESSOR_DEFINITIONS = (
					"DEBUG=1",
					"$(inherited)",
				);
				GCC_WARN_64_TO_32_BIT_CONVERSION = YES;
				GCC_WARN_ABOUT_RETURN_TYPE = YES_ERROR;
				GCC_WARN_UNDECLARED_SELECTOR = YES;
				GCC_WARN_UNINITIALIZED_AUTOS = YES_AGGRESSIVE;
				GCC_WARN_UNUSED_FUNCTION = YES;
				GCC_WARN_UNUSED_VARIABLE = YES;
				IPHONEOS_DEPLOYMENT_TARGET = 17.5;
				LOCALIZATION_PREFERS_STRING_CATALOGS = YES;
				MTL_ENABLE_DEBUG_INFO = INCLUDE_SOURCE;
				MTL_FAST_MATH = YES;
				ONLY_ACTIVE_ARCH = YES;
				SDKROOT = iphoneos;
				SWIFT_ACTIVE_COMPILATION_CONDITIONS = "DEBUG $(inherited)";
				SWIFT_OPTIMIZATION_LEVEL = "-Onone";
			};
			name = Debug;
		};
		BC6590022CB6259300FC246A /* Release */ = {
			isa = XCBuildConfiguration;
			buildSettings = {
				ALWAYS_SEARCH_USER_PATHS = NO;
				ASSETCATALOG_COMPILER_GENERATE_SWIFT_ASSET_SYMBOL_EXTENSIONS = YES;
				CLANG_ANALYZER_NONNULL = YES;
				CLANG_ANALYZER_NUMBER_OBJECT_CONVERSION = YES_AGGRESSIVE;
				CLANG_CXX_LANGUAGE_STANDARD = "gnu++20";
				CLANG_ENABLE_MODULES = YES;
				CLANG_ENABLE_OBJC_ARC = YES;
				CLANG_ENABLE_OBJC_WEAK = YES;
				CLANG_WARN_BLOCK_CAPTURE_AUTORELEASING = YES;
				CLANG_WARN_BOOL_CONVERSION = YES;
				CLANG_WARN_COMMA = YES;
				CLANG_WARN_CONSTANT_CONVERSION = YES;
				CLANG_WARN_DEPRECATED_OBJC_IMPLEMENTATIONS = YES;
				CLANG_WARN_DIRECT_OBJC_ISA_USAGE = YES_ERROR;
				CLANG_WARN_DOCUMENTATION_COMMENTS = YES;
				CLANG_WARN_EMPTY_BODY = YES;
				CLANG_WARN_ENUM_CONVERSION = YES;
				CLANG_WARN_INFINITE_RECURSION = YES;
				CLANG_WARN_INT_CONVERSION = YES;
				CLANG_WARN_NON_LITERAL_NULL_CONVERSION = YES;
				CLANG_WARN_OBJC_IMPLICIT_RETAIN_SELF = YES;
				CLANG_WARN_OBJC_LITERAL_CONVERSION = YES;
				CLANG_WARN_OBJC_ROOT_CLASS = YES_ERROR;
				CLANG_WARN_QUOTED_INCLUDE_IN_FRAMEWORK_HEADER = YES;
				CLANG_WARN_RANGE_LOOP_ANALYSIS = YES;
				CLANG_WARN_STRICT_PROTOTYPES = YES;
				CLANG_WARN_SUSPICIOUS_MOVE = YES;
				CLANG_WARN_UNGUARDED_AVAILABILITY = YES_AGGRESSIVE;
				CLANG_WARN_UNREACHABLE_CODE = YES;
				CLANG_WARN__DUPLICATE_METHOD_MATCH = YES;
				COPY_PHASE_STRIP = NO;
				DEBUG_INFORMATION_FORMAT = "dwarf-with-dsym";
				ENABLE_NS_ASSERTIONS = NO;
				ENABLE_STRICT_OBJC_MSGSEND = YES;
				ENABLE_USER_SCRIPT_SANDBOXING = YES;
				GCC_C_LANGUAGE_STANDARD = gnu17;
				GCC_NO_COMMON_BLOCKS = YES;
				GCC_WARN_64_TO_32_BIT_CONVERSION = YES;
				GCC_WARN_ABOUT_RETURN_TYPE = YES_ERROR;
				GCC_WARN_UNDECLARED_SELECTOR = YES;
				GCC_WARN_UNINITIALIZED_AUTOS = YES_AGGRESSIVE;
				GCC_WARN_UNUSED_FUNCTION = YES;
				GCC_WARN_UNUSED_VARIABLE = YES;
				IPHONEOS_DEPLOYMENT_TARGET = 17.5;
				LOCALIZATION_PREFERS_STRING_CATALOGS = YES;
				MTL_ENABLE_DEBUG_INFO = NO;
				MTL_FAST_MATH = YES;
				SDKROOT = iphoneos;
				SWIFT_COMPILATION_MODE = wholemodule;
				VALIDATE_PRODUCT = YES;
			};
			name = Release;
		};
		BC6590042CB6259300FC246A /* Debug */ = {
			isa = XCBuildConfiguration;
			buildSettings = {
				ASSETCATALOG_COMPILER_APPICON_NAME = AppIcon;
				ASSETCATALOG_COMPILER_GLOBAL_ACCENT_COLOR_NAME = AccentColor;
				CODE_SIGN_STYLE = Automatic;
				CURRENT_PROJECT_VERSION = 1;
				DEVELOPMENT_ASSET_PATHS = "\"SwiftUI-13-BucketList/Preview Content\"";
				ENABLE_PREVIEWS = YES;
				GENERATE_INFOPLIST_FILE = YES;
				INFOPLIST_KEY_NSFaceIDUsageDescription = "We need to unlock your data.";
				INFOPLIST_KEY_UIApplicationSceneManifest_Generation = YES;
				INFOPLIST_KEY_UIApplicationSupportsIndirectInputEvents = YES;
				INFOPLIST_KEY_UILaunchScreen_Generation = YES;
				INFOPLIST_KEY_UISupportedInterfaceOrientations_iPad = "UIInterfaceOrientationPortrait UIInterfaceOrientationPortraitUpsideDown UIInterfaceOrientationLandscapeLeft UIInterfaceOrientationLandscapeRight";
				INFOPLIST_KEY_UISupportedInterfaceOrientations_iPhone = "UIInterfaceOrientationPortrait UIInterfaceOrientationLandscapeLeft UIInterfaceOrientationLandscapeRight";
				IPHONEOS_DEPLOYMENT_TARGET = 15.6;
				LD_RUNPATH_SEARCH_PATHS = (
					"$(inherited)",
					"@executable_path/Frameworks",
				);
				MARKETING_VERSION = 1.0;
				PRODUCT_BUNDLE_IDENTIFIER = "esteban.cruz.SwiftUI-13-BucketList";
				PRODUCT_NAME = "$(TARGET_NAME)";
				SWIFT_EMIT_LOC_STRINGS = YES;
				SWIFT_VERSION = 5.0;
				TARGETED_DEVICE_FAMILY = "1,2";
			};
			name = Debug;
		};
		BC6590052CB6259300FC246A /* Release */ = {
			isa = XCBuildConfiguration;
			buildSettings = {
				ASSETCATALOG_COMPILER_APPICON_NAME = AppIcon;
				ASSETCATALOG_COMPILER_GLOBAL_ACCENT_COLOR_NAME = AccentColor;
				CODE_SIGN_STYLE = Automatic;
				CURRENT_PROJECT_VERSION = 1;
				DEVELOPMENT_ASSET_PATHS = "\"SwiftUI-13-BucketList/Preview Content\"";
				ENABLE_PREVIEWS = YES;
				GENERATE_INFOPLIST_FILE = YES;
				INFOPLIST_KEY_NSFaceIDUsageDescription = "We need to unlock your data.";
				INFOPLIST_KEY_UIApplicationSceneManifest_Generation = YES;
				INFOPLIST_KEY_UIApplicationSupportsIndirectInputEvents = YES;
				INFOPLIST_KEY_UILaunchScreen_Generation = YES;
				INFOPLIST_KEY_UISupportedInterfaceOrientations_iPad = "UIInterfaceOrientationPortrait UIInterfaceOrientationPortraitUpsideDown UIInterfaceOrientationLandscapeLeft UIInterfaceOrientationLandscapeRight";
				INFOPLIST_KEY_UISupportedInterfaceOrientations_iPhone = "UIInterfaceOrientationPortrait UIInterfaceOrientationLandscapeLeft UIInterfaceOrientationLandscapeRight";
				IPHONEOS_DEPLOYMENT_TARGET = 15.6;
				LD_RUNPATH_SEARCH_PATHS = (
					"$(inherited)",
					"@executable_path/Frameworks",
				);
				MARKETING_VERSION = 1.0;
				PRODUCT_BUNDLE_IDENTIFIER = "esteban.cruz.SwiftUI-13-BucketList";
				PRODUCT_NAME = "$(TARGET_NAME)";
				SWIFT_EMIT_LOC_STRINGS = YES;
				SWIFT_VERSION = 5.0;
				TARGETED_DEVICE_FAMILY = "1,2";
			};
			name = Release;
		};
/* End XCBuildConfiguration section */

/* Begin XCConfigurationList section */
		BC658FF02CB6259200FC246A /* Build configuration list for PBXProject "SwiftUI-13-BucketList" */ = {
			isa = XCConfigurationList;
			buildConfigurations = (
				BC6590012CB6259300FC246A /* Debug */,
				BC6590022CB6259300FC246A /* Release */,
			);
			defaultConfigurationIsVisible = 0;
			defaultConfigurationName = Release;
		};
		BC6590032CB6259300FC246A /* Build configuration list for PBXNativeTarget "SwiftUI-13-BucketList" */ = {
			isa = XCConfigurationList;
			buildConfigurations = (
				BC6590042CB6259300FC246A /* Debug */,
				BC6590052CB6259300FC246A /* Release */,
			);
			defaultConfigurationIsVisible = 0;
			defaultConfigurationName = Release;
		};
/* End XCConfigurationList section */
	};
	rootObject = BC658FED2CB6259200FC246A /* Project object */;
}
