// !$*UTF8*$!
{
	archiveVersion = 1;
	classes = {
	};
	objectVersion = 56;
	objects = {

/* Begin PBXBuildFile section */
		9B0E02D92BEA95990046F3A3 /* SwiftUI_10_BookwormApp.swift in Sources */ = {isa = PBXBuildFile; fileRef = 9B0E02D82BEA95990046F3A3 /* SwiftUI_10_BookwormApp.swift */; };
		9B0E02DB2BEA95990046F3A3 /* ContentView.swift in Sources */ = {isa = PBXBuildFile; fileRef = 9B0E02DA2BEA95990046F3A3 /* ContentView.swift */; };
		9B0E02DD2BEA959A0046F3A3 /* Assets.xcassets in Resources */ = {isa = PBXBuildFile; fileRef = 9B0E02DC2BEA959A0046F3A3 /* Assets.xcassets */; };
		9B0E02E02BEA959A0046F3A3 /* Preview Assets.xcassets in Resources */ = {isa = PBXBuildFile; fileRef = 9B0E02DF2BEA959A0046F3A3 /* Preview Assets.xcassets */; };
		9B0E02E72BEA9C4B0046F3A3 /* 1_Binding_Example.swift in Sources */ = {isa = PBXBuildFile; fileRef = 9B0E02E62BEA9C4B0046F3A3 /* 1_Binding_Example.swift */; };
		9B26F9402BF595C400AA117E /* DataController.swift in Sources */ = {isa = PBXBuildFile; fileRef = 9B26F93F2BF595C400AA117E /* DataController.swift */; };
		9B2E46602BFFEBFE004430D3 /* DetailView.swift in Sources */ = {isa = PBXBuildFile; fileRef = 9B2E465F2BFFEBFE004430D3 /* DetailView.swift */; };
		9B448CC92BFECFC300020377 /* RatingView.swift in Sources */ = {isa = PBXBuildFile; fileRef = 9B448CC82BFECFC300020377 /* RatingView.swift */; };
		9B448CCB2BFED5D600020377 /* EmojiRatingView.swift in Sources */ = {isa = PBXBuildFile; fileRef = 9B448CCA2BFED5D600020377 /* EmojiRatingView.swift */; };
		9B5E55682BFB9C7D005702F9 /* 3_Intro_Core_Data.swift in Sources */ = {isa = PBXBuildFile; fileRef = 9B5E55672BFB9C7D005702F9 /* 3_Intro_Core_Data.swift */; };
		9B5E556A2BFBB27C005702F9 /* AddBookView.swift in Sources */ = {isa = PBXBuildFile; fileRef = 9B5E55692BFBB27C005702F9 /* AddBookView.swift */; };
		9B79B9262BEC5AC500EFAC1E /* 2_TextEditor_Example.swift in Sources */ = {isa = PBXBuildFile; fileRef = 9B79B9252BEC5AC500EFAC1E /* 2_TextEditor_Example.swift */; };
		9BBF85482BFBF31F0009B77B /* Bookworm.xcdatamodeld in Sources */ = {isa = PBXBuildFile; fileRef = 9BBF85462BFBF31F0009B77B /* Bookworm.xcdatamodeld */; };
/* End PBXBuildFile section */

/* Begin PBXFileReference section */
		9B0E02D52BEA95990046F3A3 /* SwiftUI-10-Bookworm.app */ = {isa = PBXFileReference; explicitFileType = wrapper.application; includeInIndex = 0; path = "SwiftUI-10-Bookworm.app"; sourceTree = BUILT_PRODUCTS_DIR; };
		9B0E02D82BEA95990046F3A3 /* SwiftUI_10_BookwormApp.swift */ = {isa = PBXFileReference; lastKnownFileType = sourcecode.swift; path = SwiftUI_10_BookwormApp.swift; sourceTree = "<group>"; };
		9B0E02DA2BEA95990046F3A3 /* ContentView.swift */ = {isa = PBXFileReference; lastKnownFileType = sourcecode.swift; path = ContentView.swift; sourceTree = "<group>"; };
		9B0E02DC2BEA959A0046F3A3 /* Assets.xcassets */ = {isa = PBXFileReference; lastKnownFileType = folder.assetcatalog; path = Assets.xcassets; sourceTree = "<group>"; };
		9B0E02DF2BEA959A0046F3A3 /* Preview Assets.xcassets */ = {isa = PBXFileReference; lastKnownFileType = folder.assetcatalog; path = "Preview Assets.xcassets"; sourceTree = "<group>"; };
		9B0E02E62BEA9C4B0046F3A3 /* 1_Binding_Example.swift */ = {isa = PBXFileReference; lastKnownFileType = sourcecode.swift; path = 1_Binding_Example.swift; sourceTree = "<group>"; };
		9B26F93F2BF595C400AA117E /* DataController.swift */ = {isa = PBXFileReference; lastKnownFileType = sourcecode.swift; path = DataController.swift; sourceTree = "<group>"; };
		9B2E465F2BFFEBFE004430D3 /* DetailView.swift */ = {isa = PBXFileReference; lastKnownFileType = sourcecode.swift; path = DetailView.swift; sourceTree = "<group>"; };
		9B448CC82BFECFC300020377 /* RatingView.swift */ = {isa = PBXFileReference; lastKnownFileType = sourcecode.swift; path = RatingView.swift; sourceTree = "<group>"; };
		9B448CCA2BFED5D600020377 /* EmojiRatingView.swift */ = {isa = PBXFileReference; lastKnownFileType = sourcecode.swift; path = EmojiRatingView.swift; sourceTree = "<group>"; };
		9B5E55672BFB9C7D005702F9 /* 3_Intro_Core_Data.swift */ = {isa = PBXFileReference; lastKnownFileType = sourcecode.swift; path = 3_Intro_Core_Data.swift; sourceTree = "<group>"; };
		9B5E55692BFBB27C005702F9 /* AddBookView.swift */ = {isa = PBXFileReference; lastKnownFileType = sourcecode.swift; path = AddBookView.swift; sourceTree = "<group>"; };
		9B79B9252BEC5AC500EFAC1E /* 2_TextEditor_Example.swift */ = {isa = PBXFileReference; lastKnownFileType = sourcecode.swift; path = 2_TextEditor_Example.swift; sourceTree = "<group>"; };
		9BBF85472BFBF31F0009B77B /* Bookworm.xcdatamodel */ = {isa = PBXFileReference; lastKnownFileType = wrapper.xcdatamodel; path = Bookworm.xcdatamodel; sourceTree = "<group>"; };
/* End PBXFileReference section */

/* Begin PBXFrameworksBuildPhase section */
		9B0E02D22BEA95990046F3A3 /* Frameworks */ = {
			isa = PBXFrameworksBuildPhase;
			buildActionMask = 2147483647;
			files = (
			);
			runOnlyForDeploymentPostprocessing = 0;
		};
/* End PBXFrameworksBuildPhase section */

/* Begin PBXGroup section */
		9B0E02CC2BEA95990046F3A3 = {
			isa = PBXGroup;
			children = (
				9B0E02E62BEA9C4B0046F3A3 /* 1_Binding_Example.swift */,
				9B79B9252BEC5AC500EFAC1E /* 2_TextEditor_Example.swift */,
				9B5E55672BFB9C7D005702F9 /* 3_Intro_Core_Data.swift */,
				9B26F93F2BF595C400AA117E /* DataController.swift */,
				9B0E02D72BEA95990046F3A3 /* SwiftUI-10-Bookworm */,
				9B0E02D62BEA95990046F3A3 /* Products */,
			);
			sourceTree = "<group>";
		};
		9B0E02D62BEA95990046F3A3 /* Products */ = {
			isa = PBXGroup;
			children = (
				9B0E02D52BEA95990046F3A3 /* SwiftUI-10-Bookworm.app */,
			);
			name = Products;
			sourceTree = "<group>";
		};
		9B0E02D72BEA95990046F3A3 /* SwiftUI-10-Bookworm */ = {
			isa = PBXGroup;
			children = (
				9B0E02D82BEA95990046F3A3 /* SwiftUI_10_BookwormApp.swift */,
				9B5E55692BFBB27C005702F9 /* AddBookView.swift */,
				9B448CC82BFECFC300020377 /* RatingView.swift */,
				9B448CCA2BFED5D600020377 /* EmojiRatingView.swift */,
				9B0E02DA2BEA95990046F3A3 /* ContentView.swift */,
				9B2E465F2BFFEBFE004430D3 /* DetailView.swift */,
				9BBF85462BFBF31F0009B77B /* Bookworm.xcdatamodeld */,
				9B0E02DC2BEA959A0046F3A3 /* Assets.xcassets */,
				9B0E02DE2BEA959A0046F3A3 /* Preview Content */,
			);
			path = "SwiftUI-10-Bookworm";
			sourceTree = "<group>";
		};
		9B0E02DE2BEA959A0046F3A3 /* Preview Content */ = {
			isa = PBXGroup;
			children = (
				9B0E02DF2BEA959A0046F3A3 /* Preview Assets.xcassets */,
			);
			path = "Preview Content";
			sourceTree = "<group>";
		};
/* End PBXGroup section */

/* Begin PBXNativeTarget section */
		9B0E02D42BEA95990046F3A3 /* SwiftUI-10-Bookworm */ = {
			isa = PBXNativeTarget;
			buildConfigurationList = 9B0E02E32BEA959A0046F3A3 /* Build configuration list for PBXNativeTarget "SwiftUI-10-Bookworm" */;
			buildPhases = (
				9B0E02D12BEA95990046F3A3 /* Sources */,
				9B0E02D22BEA95990046F3A3 /* Frameworks */,
				9B0E02D32BEA95990046F3A3 /* Resources */,
			);
			buildRules = (
			);
			dependencies = (
			);
			name = "SwiftUI-10-Bookworm";
			productName = "SwiftUI-10-Bookworm";
			productReference = 9B0E02D52BEA95990046F3A3 /* SwiftUI-10-Bookworm.app */;
			productType = "com.apple.product-type.application";
		};
/* End PBXNativeTarget section */

/* Begin PBXProject section */
		9B0E02CD2BEA95990046F3A3 /* Project object */ = {
			isa = PBXProject;
			attributes = {
				BuildIndependentTargetsInParallel = 1;
				LastSwiftUpdateCheck = 1520;
				LastUpgradeCheck = 1520;
				TargetAttributes = {
					9B0E02D42BEA95990046F3A3 = {
						CreatedOnToolsVersion = 15.2;
					};
				};
			};
			buildConfigurationList = 9B0E02D02BEA95990046F3A3 /* Build configuration list for PBXProject "SwiftUI-10-Bookworm" */;
			compatibilityVersion = "Xcode 14.0";
			developmentRegion = en;
			hasScannedForEncodings = 0;
			knownRegions = (
				en,
				Base,
			);
			mainGroup = 9B0E02CC2BEA95990046F3A3;
			productRefGroup = 9B0E02D62BEA95990046F3A3 /* Products */;
			projectDirPath = "";
			projectRoot = "";
			targets = (
				9B0E02D42BEA95990046F3A3 /* SwiftUI-10-Bookworm */,
			);
		};
/* End PBXProject section */

/* Begin PBXResourcesBuildPhase section */
		9B0E02D32BEA95990046F3A3 /* Resources */ = {
			isa = PBXResourcesBuildPhase;
			buildActionMask = 2147483647;
			files = (
				9B0E02E02BEA959A0046F3A3 /* Preview Assets.xcassets in Resources */,
				9B0E02DD2BEA959A0046F3A3 /* Assets.xcassets in Resources */,
			);
			runOnlyForDeploymentPostprocessing = 0;
		};
/* End PBXResourcesBuildPhase section */

/* Begin PBXSourcesBuildPhase section */
		9B0E02D12BEA95990046F3A3 /* Sources */ = {
			isa = PBXSourcesBuildPhase;
			buildActionMask = 2147483647;
			files = (
				9B448CCB2BFED5D600020377 /* EmojiRatingView.swift in Sources */,
				9B5E556A2BFBB27C005702F9 /* AddBookView.swift in Sources */,
				9B0E02E72BEA9C4B0046F3A3 /* 1_Binding_Example.swift in Sources */,
				9B26F9402BF595C400AA117E /* DataController.swift in Sources */,
				9B448CC92BFECFC300020377 /* RatingView.swift in Sources */,
				9B2E46602BFFEBFE004430D3 /* DetailView.swift in Sources */,
				9B5E55682BFB9C7D005702F9 /* 3_Intro_Core_Data.swift in Sources */,
				9B79B9262BEC5AC500EFAC1E /* 2_TextEditor_Example.swift in Sources */,
				9BBF85482BFBF31F0009B77B /* Bookworm.xcdatamodeld in Sources */,
				9B0E02DB2BEA95990046F3A3 /* ContentView.swift in Sources */,
				9B0E02D92BEA95990046F3A3 /* SwiftUI_10_BookwormApp.swift in Sources */,
			);
			runOnlyForDeploymentPostprocessing = 0;
		};
/* End PBXSourcesBuildPhase section */

/* Begin XCBuildConfiguration section */
		9B0E02E12BEA959A0046F3A3 /* Debug */ = {
			isa = XCBuildConfiguration;
			buildSettings = {
				ALWAYS_SEARCH_USER_PATHS = NO;
				ASSETCATALOG_COMPILER_GENERATE_SWIFT_ASSET_SYMBOL_EXTENSIONS = YES;
				CLANG_ANALYZER_NONNULL = YES;
				CLANG_ANALYZER_NUMBER_OBJECT_CONVERSION = YES_AGGRESSIVE;
				CLANG_CXX_LANGUAGE_STANDARD = "gnu++20";
				CLANG_ENABLE_MODULES = YES;
				CLANG_ENABLE_OBJC_ARC = YES;
				CLANG_ENABLE_OBJC_WEAK = YES;
				CLANG_WARN_BLOCK_CAPTURE_AUTORELEASING = YES;
				CLANG_WARN_BOOL_CONVERSION = YES;
				CLANG_WARN_COMMA = YES;
				CLANG_WARN_CONSTANT_CONVERSION = YES;
				CLANG_WARN_DEPRECATED_OBJC_IMPLEMENTATIONS = YES;
				CLANG_WARN_DIRECT_OBJC_ISA_USAGE = YES_ERROR;
				CLANG_WARN_DOCUMENTATION_COMMENTS = YES;
				CLANG_WARN_EMPTY_BODY = YES;
				CLANG_WARN_ENUM_CONVERSION = YES;
				CLANG_WARN_INFINITE_RECURSION = YES;
				CLANG_WARN_INT_CONVERSION = YES;
				CLANG_WARN_NON_LITERAL_NULL_CONVERSION = YES;
				CLANG_WARN_OBJC_IMPLICIT_RETAIN_SELF = YES;
				CLANG_WARN_OBJC_LITERAL_CONVERSION = YES;
				CLANG_WARN_OBJC_ROOT_CLASS = YES_ERROR;
				CLANG_WARN_QUOTED_INCLUDE_IN_FRAMEWORK_HEADER = YES;
				CLANG_WARN_RANGE_LOOP_ANALYSIS = YES;
				CLANG_WARN_STRICT_PROTOTYPES = YES;
				CLANG_WARN_SUSPICIOUS_MOVE = YES;
				CLANG_WARN_UNGUARDED_AVAILABILITY = YES_AGGRESSIVE;
				CLANG_WARN_UNREACHABLE_CODE = YES;
				CLANG_WARN__DUPLICATE_METHOD_MATCH = YES;
				COPY_PHASE_STRIP = NO;
				DEBUG_INFORMATION_FORMAT = dwarf;
				ENABLE_STRICT_OBJC_MSGSEND = YES;
				ENABLE_TESTABILITY = YES;
				ENABLE_USER_SCRIPT_SANDBOXING = YES;
				GCC_C_LANGUAGE_STANDARD = gnu17;
				GCC_DYNAMIC_NO_PIC = NO;
				GCC_NO_COMMON_BLOCKS = YES;
				GCC_OPTIMIZATION_LEVEL = 0;
				GCC_PREPROCESSOR_DEFINITIONS = (
					"DEBUG=1",
					"$(inherited)",
				);
				GCC_WARN_64_TO_32_BIT_CONVERSION = YES;
				GCC_WARN_ABOUT_RETURN_TYPE = YES_ERROR;
				GCC_WARN_UNDECLARED_SELECTOR = YES;
				GCC_WARN_UNINITIALIZED_AUTOS = YES_AGGRESSIVE;
				GCC_WARN_UNUSED_FUNCTION = YES;
				GCC_WARN_UNUSED_VARIABLE = YES;
				IPHONEOS_DEPLOYMENT_TARGET = 17.2;
				LOCALIZATION_PREFERS_STRING_CATALOGS = YES;
				MTL_ENABLE_DEBUG_INFO = INCLUDE_SOURCE;
				MTL_FAST_MATH = YES;
				ONLY_ACTIVE_ARCH = YES;
				SDKROOT = iphoneos;
				SWIFT_ACTIVE_COMPILATION_CONDITIONS = "DEBUG $(inherited)";
				SWIFT_OPTIMIZATION_LEVEL = "-Onone";
			};
			name = Debug;
		};
		9B0E02E22BEA959A0046F3A3 /* Release */ = {
			isa = XCBuildConfiguration;
			buildSettings = {
				ALWAYS_SEARCH_USER_PATHS = NO;
				ASSETCATALOG_COMPILER_GENERATE_SWIFT_ASSET_SYMBOL_EXTENSIONS = YES;
				CLANG_ANALYZER_NONNULL = YES;
				CLANG_ANALYZER_NUMBER_OBJECT_CONVERSION = YES_AGGRESSIVE;
				CLANG_CXX_LANGUAGE_STANDARD = "gnu++20";
				CLANG_ENABLE_MODULES = YES;
				CLANG_ENABLE_OBJC_ARC = YES;
				CLANG_ENABLE_OBJC_WEAK = YES;
				CLANG_WARN_BLOCK_CAPTURE_AUTORELEASING = YES;
				CLANG_WARN_BOOL_CONVERSION = YES;
				CLANG_WARN_COMMA = YES;
				CLANG_WARN_CONSTANT_CONVERSION = YES;
				CLANG_WARN_DEPRECATED_OBJC_IMPLEMENTATIONS = YES;
				CLANG_WARN_DIRECT_OBJC_ISA_USAGE = YES_ERROR;
				CLANG_WARN_DOCUMENTATION_COMMENTS = YES;
				CLANG_WARN_EMPTY_BODY = YES;
				CLANG_WARN_ENUM_CONVERSION = YES;
				CLANG_WARN_INFINITE_RECURSION = YES;
				CLANG_WARN_INT_CONVERSION = YES;
				CLANG_WARN_NON_LITERAL_NULL_CONVERSION = YES;
				CLANG_WARN_OBJC_IMPLICIT_RETAIN_SELF = YES;
				CLANG_WARN_OBJC_LITERAL_CONVERSION = YES;
				CLANG_WARN_OBJC_ROOT_CLASS = YES_ERROR;
				CLANG_WARN_QUOTED_INCLUDE_IN_FRAMEWORK_HEADER = YES;
				CLANG_WARN_RANGE_LOOP_ANALYSIS = YES;
				CLANG_WARN_STRICT_PROTOTYPES = YES;
				CLANG_WARN_SUSPICIOUS_MOVE = YES;
				CLANG_WARN_UNGUARDED_AVAILABILITY = YES_AGGRESSIVE;
				CLANG_WARN_UNREACHABLE_CODE = YES;
				CLANG_WARN__DUPLICATE_METHOD_MATCH = YES;
				COPY_PHASE_STRIP = NO;
				DEBUG_INFORMATION_FORMAT = "dwarf-with-dsym";
				ENABLE_NS_ASSERTIONS = NO;
				ENABLE_STRICT_OBJC_MSGSEND = YES;
				ENABLE_USER_SCRIPT_SANDBOXING = YES;
				GCC_C_LANGUAGE_STANDARD = gnu17;
				GCC_NO_COMMON_BLOCKS = YES;
				GCC_WARN_64_TO_32_BIT_CONVERSION = YES;
				GCC_WARN_ABOUT_RETURN_TYPE = YES_ERROR;
				GCC_WARN_UNDECLARED_SELECTOR = YES;
				GCC_WARN_UNINITIALIZED_AUTOS = YES_AGGRESSIVE;
				GCC_WARN_UNUSED_FUNCTION = YES;
				GCC_WARN_UNUSED_VARIABLE = YES;
				IPHONEOS_DEPLOYMENT_TARGET = 17.2;
				LOCALIZATION_PREFERS_STRING_CATALOGS = YES;
				MTL_ENABLE_DEBUG_INFO = NO;
				MTL_FAST_MATH = YES;
				SDKROOT = iphoneos;
				SWIFT_COMPILATION_MODE = wholemodule;
				VALIDATE_PRODUCT = YES;
			};
			name = Release;
		};
		9B0E02E42BEA959A0046F3A3 /* Debug */ = {
			isa = XCBuildConfiguration;
			buildSettings = {
				ASSETCATALOG_COMPILER_APPICON_NAME = AppIcon;
				ASSETCATALOG_COMPILER_GLOBAL_ACCENT_COLOR_NAME = AccentColor;
				CODE_SIGN_STYLE = Automatic;
				CURRENT_PROJECT_VERSION = 1;
				DEVELOPMENT_ASSET_PATHS = "\"SwiftUI-10-Bookworm/Preview Content\"";
				ENABLE_PREVIEWS = YES;
				GENERATE_INFOPLIST_FILE = YES;
				INFOPLIST_KEY_UIApplicationSceneManifest_Generation = YES;
				INFOPLIST_KEY_UIApplicationSupportsIndirectInputEvents = YES;
				INFOPLIST_KEY_UILaunchScreen_Generation = YES;
				INFOPLIST_KEY_UISupportedInterfaceOrientations_iPad = "UIInterfaceOrientationPortrait UIInterfaceOrientationPortraitUpsideDown UIInterfaceOrientationLandscapeLeft UIInterfaceOrientationLandscapeRight";
				INFOPLIST_KEY_UISupportedInterfaceOrientations_iPhone = "UIInterfaceOrientationPortrait UIInterfaceOrientationLandscapeLeft UIInterfaceOrientationLandscapeRight";
				LD_RUNPATH_SEARCH_PATHS = (
					"$(inherited)",
					"@executable_path/Frameworks",
				);
				MARKETING_VERSION = 1.0;
				PRODUCT_BUNDLE_IDENTIFIER = "me.cruz.esteban.SwiftUI-10-Bookworm";
				PRODUCT_NAME = "$(TARGET_NAME)";
				SWIFT_EMIT_LOC_STRINGS = YES;
				SWIFT_VERSION = 5.0;
				TARGETED_DEVICE_FAMILY = "1,2";
			};
			name = Debug;
		};
		9B0E02E52BEA959A0046F3A3 /* Release */ = {
			isa = XCBuildConfiguration;
			buildSettings = {
				ASSETCATALOG_COMPILER_APPICON_NAME = AppIcon;
				ASSETCATALOG_COMPILER_GLOBAL_ACCENT_COLOR_NAME = AccentColor;
				CODE_SIGN_STYLE = Automatic;
				CURRENT_PROJECT_VERSION = 1;
				DEVELOPMENT_ASSET_PATHS = "\"SwiftUI-10-Bookworm/Preview Content\"";
				ENABLE_PREVIEWS = YES;
				GENERATE_INFOPLIST_FILE = YES;
				INFOPLIST_KEY_UIApplicationSceneManifest_Generation = YES;
				INFOPLIST_KEY_UIApplicationSupportsIndirectInputEvents = YES;
				INFOPLIST_KEY_UILaunchScreen_Generation = YES;
				INFOPLIST_KEY_UISupportedInterfaceOrientations_iPad = "UIInterfaceOrientationPortrait UIInterfaceOrientationPortraitUpsideDown UIInterfaceOrientationLandscapeLeft UIInterfaceOrientationLandscapeRight";
				INFOPLIST_KEY_UISupportedInterfaceOrientations_iPhone = "UIInterfaceOrientationPortrait UIInterfaceOrientationLandscapeLeft UIInterfaceOrientationLandscapeRight";
				LD_RUNPATH_SEARCH_PATHS = (
					"$(inherited)",
					"@executable_path/Frameworks",
				);
				MARKETING_VERSION = 1.0;
				PRODUCT_BUNDLE_IDENTIFIER = "me.cruz.esteban.SwiftUI-10-Bookworm";
				PRODUCT_NAME = "$(TARGET_NAME)";
				SWIFT_EMIT_LOC_STRINGS = YES;
				SWIFT_VERSION = 5.0;
				TARGETED_DEVICE_FAMILY = "1,2";
			};
			name = Release;
		};
/* End XCBuildConfiguration section */

/* Begin XCConfigurationList section */
		9B0E02D02BEA95990046F3A3 /* Build configuration list for PBXProject "SwiftUI-10-Bookworm" */ = {
			isa = XCConfigurationList;
			buildConfigurations = (
				9B0E02E12BEA959A0046F3A3 /* Debug */,
				9B0E02E22BEA959A0046F3A3 /* Release */,
			);
			defaultConfigurationIsVisible = 0;
			defaultConfigurationName = Release;
		};
		9B0E02E32BEA959A0046F3A3 /* Build configuration list for PBXNativeTarget "SwiftUI-10-Bookworm" */ = {
			isa = XCConfigurationList;
			buildConfigurations = (
				9B0E02E42BEA959A0046F3A3 /* Debug */,
				9B0E02E52BEA959A0046F3A3 /* Release */,
			);
			defaultConfigurationIsVisible = 0;
			defaultConfigurationName = Release;
		};
/* End XCConfigurationList section */

/* Begin XCVersionGroup section */
		9BBF85462BFBF31F0009B77B /* Bookworm.xcdatamodeld */ = {
			isa = XCVersionGroup;
			children = (
				9BBF85472BFBF31F0009B77B /* Bookworm.xcdatamodel */,
			);
			currentVersion = 9BBF85472BFBF31F0009B77B /* Bookworm.xcdatamodel */;
			name = Bookworm.xcdatamodeld;
			path = ../Bookworm.xcdatamodeld;
			sourceTree = "<group>";
			versionGroupType = wrapper.xcdatamodel;
		};
/* End XCVersionGroup section */
	};
	rootObject = 9B0E02CD2BEA95990046F3A3 /* Project object */;
}
